
Microsoft Visual Studio Solution File, Format Version 12.00
# Visual Studio Version 16
VisualStudioVersion = 16.0.29215.179
MinimumVisualStudioVersion = 10.0.40219.1
Project("{FAE04EC0-301F-11D3-BF4B-00C04F79EFBC}") = "menuuu", "menuuu\menuuu.csproj", "{C8512296-C24E-4B85-A3AF-EA38F83B2857}"
EndProject
Global
	GlobalSection(SolutionConfigurationPlatforms) = preSolution
		Debug|Any CPU = Debug|Any CPU
		Release|Any CPU = Release|Any CPU
	EndGlobalSection
	GlobalSection(ProjectConfigurationPlatforms) = postSolution
		{C8512296-C24E-4B85-A3AF-EA38F83B2857}.Debug|Any CPU.ActiveCfg = Debug|Any CPU
		{C8512296-C24E-4B85-A3AF-EA38F83B2857}.Debug|Any CPU.Build.0 = Debug|Any CPU
		{C8512296-C24E-4B85-A3AF-EA38F83B2857}.Release|Any CPU.ActiveCfg = Release|Any CPU
		{C8512296-C24E-4B85-A3AF-EA38F83B2857}.Release|Any CPU.Build.0 = Release|Any CPU
	EndGlobalSection
	GlobalSection(SolutionProperties) = preSolution
		HideSolutionNode = FALSE
	EndGlobalSection
	GlobalSection(ExtensibilityGlobals) = postSolution
		SolutionGuid = {2BE2C5D6-D23C-4453-A1CE-D8A031ECF799}
	EndGlobalSection
EndGlobal
